// !$*UTF8*$!
{
	archiveVersion = 1;
	classes = {
	};
	objectVersion = 46;
	objects = {

/* Begin PBXBuildFile section */
		3BE57E541D8E6ABB003C3A11 /* RCTNativeUpgrade.h in CopyFiles */ = {isa = PBXBuildFile; fileRef = 3BE57E531D8E6ABB003C3A11 /* RCTNativeUpgrade.h */; };
		3BE57E561D8E6ABB003C3A11 /* RCTNativeUpgrade.m in Sources */ = {isa = PBXBuildFile; fileRef = 3BE57E551D8E6ABB003C3A11 /* RCTNativeUpgrade.m */; };
/* End PBXBuildFile section */

/* Begin PBXCopyFilesBuildPhase section */
		3BE57E4E1D8E6ABB003C3A11 /* CopyFiles */ = {
			isa = PBXCopyFilesBuildPhase;
			buildActionMask = 2147483647;
			dstPath = "include/$(PRODUCT_NAME)";
			dstSubfolderSpec = 16;
			files = (
				3BE57E541D8E6ABB003C3A11 /* RCTNativeUpgrade.h in CopyFiles */,
			);
			runOnlyForDeploymentPostprocessing = 0;
		};
/* End PBXCopyFilesBuildPhase section */

/* Begin PBXFileReference section */
		3BE57E501D8E6ABB003C3A11 /* libRCTNativeUpgrade.a */ = {isa = PBXFileReference; explicitFileType = archive.ar; includeInIndex = 0; path = libRCTNativeUpgrade.a; sourceTree = BUILT_PRODUCTS_DIR; };
		3BE57E531D8E6ABB003C3A11 /* RCTNativeUpgrade.h */ = {isa = PBXFileReference; lastKnownFileType = sourcecode.c.h; path = RCTNativeUpgrade.h; sourceTree = "<group>"; };
		3BE57E551D8E6ABB003C3A11 /* RCTNativeUpgrade.m */ = {isa = PBXFileReference; lastKnownFileType = sourcecode.c.objc; path = RCTNativeUpgrade.m; sourceTree = "<group>"; };
/* End PBXFileReference section */

/* Begin PBXFrameworksBuildPhase section */
		3BE57E4D1D8E6ABB003C3A11 /* Frameworks */ = {
			isa = PBXFrameworksBuildPhase;
			buildActionMask = 2147483647;
			files = (
			);
			runOnlyForDeploymentPostprocessing = 0;
		};
/* End PBXFrameworksBuildPhase section */

/* Begin PBXGroup section */
		3BE57E471D8E6ABB003C3A11 = {
			isa = PBXGroup;
			children = (
				3BE57E521D8E6ABB003C3A11 /* RCTNativeUpgrade */,
				3BE57E511D8E6ABB003C3A11 /* Products */,
			);
			sourceTree = "<group>";
		};
		3BE57E511D8E6ABB003C3A11 /* Products */ = {
			isa = PBXGroup;
			children = (
				3BE57E501D8E6ABB003C3A11 /* libRCTNativeUpgrade.a */,
			);
			name = Products;
			sourceTree = "<group>";
		};
		3BE57E521D8E6ABB003C3A11 /* RCTNativeUpgrade */ = {
			isa = PBXGroup;
			children = (
				3BE57E531D8E6ABB003C3A11 /* RCTNativeUpgrade.h */,
				3BE57E551D8E6ABB003C3A11 /* RCTNativeUpgrade.m */,
			);
			path = RCTNativeUpgrade;
			sourceTree = "<group>";
		};
/* End PBXGroup section */

/* Begin PBXNativeTarget section */
		3BE57E4F1D8E6ABB003C3A11 /* RCTNativeUpgrade */ = {
			isa = PBXNativeTarget;
			buildConfigurationList = 3BE57E591D8E6ABB003C3A11 /* Build configuration list for PBXNativeTarget "RCTNativeUpgrade" */;
			buildPhases = (
				3BE57E4C1D8E6ABB003C3A11 /* Sources */,
				3BE57E4D1D8E6ABB003C3A11 /* Frameworks */,
				3BE57E4E1D8E6ABB003C3A11 /* CopyFiles */,
			);
			buildRules = (
			);
			dependencies = (
			);
			name = RCTNativeUpgrade;
			productName = RCTNativeUpgrade;
			productReference = 3BE57E501D8E6ABB003C3A11 /* libRCTNativeUpgrade.a */;
			productType = "com.apple.product-type.library.static";
		};
/* End PBXNativeTarget section */

/* Begin PBXProject section */
		3BE57E481D8E6ABB003C3A11 /* Project object */ = {
			isa = PBXProject;
			attributes = {
				LastUpgradeCheck = 0730;
				ORGANIZATIONNAME = paozi;
				TargetAttributes = {
					3BE57E4F1D8E6ABB003C3A11 = {
						CreatedOnToolsVersion = 7.3;
					};
				};
			};
			buildConfigurationList = 3BE57E4B1D8E6ABB003C3A11 /* Build configuration list for PBXProject "RCTNativeUpgrade" */;
			compatibilityVersion = "Xcode 3.2";
			developmentRegion = English;
			hasScannedForEncodings = 0;
			knownRegions = (
				en,
			);
			mainGroup = 3BE57E471D8E6ABB003C3A11;
			productRefGroup = 3BE57E511D8E6ABB003C3A11 /* Products */;
			projectDirPath = "";
			projectRoot = "";
			targets = (
				3BE57E4F1D8E6ABB003C3A11 /* RCTNativeUpgrade */,
			);
		};
/* End PBXProject section */

/* Begin PBXSourcesBuildPhase section */
		3BE57E4C1D8E6ABB003C3A11 /* Sources */ = {
			isa = PBXSourcesBuildPhase;
			buildActionMask = 2147483647;
			files = (
				3BE57E561D8E6ABB003C3A11 /* RCTNativeUpgrade.m in Sources */,
			);
			runOnlyForDeploymentPostprocessing = 0;
		};
/* End PBXSourcesBuildPhase section */

/* Begin XCBuildConfiguration section */
		3BE57E571D8E6ABB003C3A11 /* Debug */ = {
			isa = XCBuildConfiguration;
			buildSettings = {
				ALWAYS_SEARCH_USER_PATHS = NO;
				CLANG_ANALYZER_NONNULL = YES;
				CLANG_CXX_LANGUAGE_STANDARD = "gnu++0x";
				CLANG_CXX_LIBRARY = "libc++";
				CLANG_ENABLE_MODULES = YES;
				CLANG_ENABLE_OBJC_ARC = YES;
				CLANG_WARN_BOOL_CONVERSION = YES;
				CLANG_WARN_CONSTANT_CONVERSION = YES;
				CLANG_WARN_DIRECT_OBJC_ISA_USAGE = YES_ERROR;
				CLANG_WARN_EMPTY_BODY = YES;
				CLANG_WARN_ENUM_CONVERSION = YES;
				CLANG_WARN_INT_CONVERSION = YES;
				CLANG_WARN_OBJC_ROOT_CLASS = YES_ERROR;
				CLANG_WARN_UNREACHABLE_CODE = YES;
				CLANG_WARN__DUPLICATE_METHOD_MATCH = YES;
				"CODE_SIGN_IDENTITY[sdk=iphoneos*]" = "iPhone Developer";
				COPY_PHASE_STRIP = NO;
				DEBUG_INFORMATION_FORMAT = dwarf;
				ENABLE_STRICT_OBJC_MSGSEND = YES;
				ENABLE_TESTABILITY = YES;
				GCC_C_LANGUAGE_STANDARD = gnu99;
				GCC_DYNAMIC_NO_PIC = NO;
				GCC_NO_COMMON_BLOCKS = YES;
				GCC_OPTIMIZATION_LEVEL = 0;
				GCC_PREPROCESSOR_DEFINITIONS = (
					"DEBUG=1",
					"$(inherited)",
				);
				GCC_WARN_64_TO_32_BIT_CONVERSION = YES;
				GCC_WARN_ABOUT_RETURN_TYPE = YES_ERROR;
				GCC_WARN_UNDECLARED_SELECTOR = YES;
				GCC_WARN_UNINITIALIZED_AUTOS = YES_AGGRESSIVE;
				GCC_WARN_UNUSED_FUNCTION = YES;
				GCC_WARN_UNUSED_VARIABLE = YES;
				IPHONEOS_DEPLOYMENT_TARGET = 9.3;
				MTL_ENABLE_DEBUG_INFO = YES;
				ONLY_ACTIVE_ARCH = YES;
				SDKROOT = iphoneos;
			};
			name = Debug;
		};
		3BE57E581D8E6ABB003C3A11 /* Release */ = {
			isa = XCBuildConfiguration;
			buildSettings = {
				ALWAYS_SEARCH_USER_PATHS = NO;
				CLANG_ANALYZER_NONNULL = YES;
				CLANG_CXX_LANGUAGE_STANDARD = "gnu++0x";
				CLANG_CXX_LIBRARY = "libc++";
				CLANG_ENABLE_MODULES = YES;
				CLANG_ENABLE_OBJC_ARC = YES;
				CLANG_WARN_BOOL_CONVERSION = YES;
				CLANG_WARN_CONSTANT_CONVERSION = YES;
				CLANG_WARN_DIRECT_OBJC_ISA_USAGE = YES_ERROR;
				CLANG_WARN_EMPTY_BODY = YES;
				CLANG_WARN_ENUM_CONVERSION = YES;
				CLANG_WARN_INT_CONVERSION = YES;
				CLANG_WARN_OBJC_ROOT_CLASS = YES_ERROR;
				CLANG_WARN_UNREACHABLE_CODE = YES;
				CLANG_WARN__DUPLICATE_METHOD_MATCH = YES;
				"CODE_SIGN_IDENTITY[sdk=iphoneos*]" = "iPhone Developer";
				COPY_PHASE_STRIP = NO;
				DEBUG_INFORMATION_FORMAT = "dwarf-with-dsym";
				ENABLE_NS_ASSERTIONS = NO;
				ENABLE_STRICT_OBJC_MSGSEND = YES;
				GCC_C_LANGUAGE_STANDARD = gnu99;
				GCC_NO_COMMON_BLOCKS = YES;
				GCC_WARN_64_TO_32_BIT_CONVERSION = YES;
				GCC_WARN_ABOUT_RETURN_TYPE = YES_ERROR;
				GCC_WARN_UNDECLARED_SELECTOR = YES;
				GCC_WARN_UNINITIALIZED_AUTOS = YES_AGGRESSIVE;
				GCC_WARN_UNUSED_FUNCTION = YES;
				GCC_WARN_UNUSED_VARIABLE = YES;
				IPHONEOS_DEPLOYMENT_TARGET = 9.3;
				MTL_ENABLE_DEBUG_INFO = NO;
				SDKROOT = iphoneos;
				VALIDATE_PRODUCT = YES;
			};
			name = Release;
		};
		3BE57E5A1D8E6ABB003C3A11 /* Debug */ = {
			isa = XCBuildConfiguration;
			buildSettings = {
				HEADER_SEARCH_PATHS = (
					"$(SRCROOT)/../../React/**",
					"$(SRCROOT)/../../react-native/React/**",
					"$(SRCROOT)/../node_modules/react-native/React/**",
				);
				OTHER_LDFLAGS = "-ObjC";
				PRODUCT_NAME = "$(TARGET_NAME)";
				SKIP_INSTALL = YES;
			};
			name = Debug;
		};
		3BE57E5B1D8E6ABB003C3A11 /* Release */ = {
			isa = XCBuildConfiguration;
			buildSettings = {
				HEADER_SEARCH_PATHS = (
					"$(SRCROOT)/../../React/**",
					"$(SRCROOT)/../../react-native/React/**",
					"$(SRCROOT)/../node_modules/react-native/React/**",
				);
				OTHER_LDFLAGS = "-ObjC";
				PRODUCT_NAME = "$(TARGET_NAME)";
				SKIP_INSTALL = YES;
			};
			name = Release;
		};
/* End XCBuildConfiguration section */

/* Begin XCConfigurationList section */
		3BE57E4B1D8E6ABB003C3A11 /* Build configuration list for PBXProject "RCTNativeUpgrade" */ = {
			isa = XCConfigurationList;
			buildConfigurations = (
				3BE57E571D8E6ABB003C3A11 /* Debug */,
				3BE57E581D8E6ABB003C3A11 /* Release */,
			);
			defaultConfigurationIsVisible = 0;
			defaultConfigurationName = Release;
		};
		3BE57E591D8E6ABB003C3A11 /* Build configuration list for PBXNativeTarget "RCTNativeUpgrade" */ = {
			isa = XCConfigurationList;
			buildConfigurations = (
				3BE57E5A1D8E6ABB003C3A11 /* Debug */,
				3BE57E5B1D8E6ABB003C3A11 /* Release */,
			);
			defaultConfigurationIsVisible = 0;
			defaultConfigurationName = Release;
		};
/* End XCConfigurationList section */
	};
	rootObject = 3BE57E481D8E6ABB003C3A11 /* Project object */;
}
